
Microsoft Visual Studio Solution File, Format Version 12.00
# Visual Studio 14
VisualStudioVersion = 14.0.24720.0
MinimumVisualStudioVersion = 10.0.40219.1
Project("{2150E333-8FDC-42A3-9474-1A3956D46DE8}") = "1. Unidade 1", "1. Unidade 1", "{B2043769-E987-4EC7-8B0A-EE4FECDA5720}"
EndProject
Project("{2150E333-8FDC-42A3-9474-1A3956D46DE8}") = "1.1 Conteúdo", "1.1 Conteúdo", "{74633DF8-B847-4631-9402-01239D179E65}"
	ProjectSection(SolutionItems) = preProject
		Material\Unidade 1\Especificacao-Robo.pdf = Material\Unidade 1\Especificacao-Robo.pdf
		Material\Unidade 1\Lista de Exercício.pdf = Material\Unidade 1\Lista de Exercício.pdf
		Material\Unidade 1\Unidade 1 - Exercícios Resolvidos.pptx = Material\Unidade 1\Unidade 1 - Exercícios Resolvidos.pptx
		Material\Unidade 1\Unidade 1 - Resumido.pdf = Material\Unidade 1\Unidade 1 - Resumido.pdf
		Material\Unidade 1\Unidade 1.pdf = Material\Unidade 1\Unidade 1.pdf
	EndProjectSection
EndProject
Project("{2150E333-8FDC-42A3-9474-1A3956D46DE8}") = "1.2 Exemplos", "1.2 Exemplos", "{D9A83239-0B4E-4065-A3F2-125C32EBA609}"
EndProject
Project("{2150E333-8FDC-42A3-9474-1A3956D46DE8}") = "1.3 Exercícios", "1.3 Exercícios", "{A3EC66F9-54AC-4C16-BD51-410E609BD157}"
EndProject
Project("{FAE04EC0-301F-11D3-BF4B-00C04F79EFBC}") = "Unidade1.Exercicios", "Projetos\Unidade 1\Exercicios\Unidade1.Exercicios\Unidade1.Exercicios.csproj", "{4500016A-D1D1-498F-B07B-4DB43F8120E3}"
EndProject
Project("{2150E333-8FDC-42A3-9474-1A3956D46DE8}") = "2. Unidade 2", "2. Unidade 2", "{C88537A8-24C4-43CF-B83E-3E010C114346}"
EndProject
Project("{2150E333-8FDC-42A3-9474-1A3956D46DE8}") = "2.1 Conteúdo", "2.1 Conteúdo", "{B50B8700-E8CB-42D5-887E-F001E4323D9E}"
	ProjectSection(SolutionItems) = preProject
		Material\Unidade 2\Lista de Exercício - Resoluções - OO.pptx = Material\Unidade 2\Lista de Exercício - Resoluções - OO.pptx
		Material\Unidade 2\Lista de Exercício.pdf = Material\Unidade 2\Lista de Exercício.pdf
		Material\Unidade 2\Unidade 2 - Resumido.pptx = Material\Unidade 2\Unidade 2 - Resumido.pptx
		Material\Unidade 2\Unidade 2.pdf = Material\Unidade 2\Unidade 2.pdf
	EndProjectSection
EndProject
Project("{2150E333-8FDC-42A3-9474-1A3956D46DE8}") = "2.2 Exemplos", "2.2 Exemplos", "{93BABC7C-2C9B-4211-B88A-CB0763DD5305}"
EndProject
Project("{FAE04EC0-301F-11D3-BF4B-00C04F79EFBC}") = "TupiniquimApp", "Projetos\Unidade 1\Exercicios\TupiniquimApp\TupiniquimApp.csproj", "{F53CEB9F-CFB4-42F0-9117-9ABB96309EE7}"
EndProject
Project("{FAE04EC0-301F-11D3-BF4B-00C04F79EFBC}") = "TupiniquimApp", "Projetos\Unidade 2\Exemplos\TupiniquimApp\TupiniquimApp.csproj", "{9BD26E37-AB90-4EEA-8094-A00E96A5697F}"
EndProject
Project("{2150E333-8FDC-42A3-9474-1A3956D46DE8}") = "3. Unidade 3", "3. Unidade 3", "{2CA83116-2431-495C-BBD3-596293843B05}"
EndProject
Project("{2150E333-8FDC-42A3-9474-1A3956D46DE8}") = "3.1 Conteúdo", "3.1 Conteúdo", "{8BB0241A-CC2C-42E6-9291-4A57E1A9EC21}"
	ProjectSection(SolutionItems) = preProject
		Material\Unidade 3\Resolução Prova POO 1 -2017 (Recuperação).pptx = Material\Unidade 3\Resolução Prova POO 1 -2017 (Recuperação).pptx
		Material\Unidade 3\Resolução Prova POO 1 -2017.pptx = Material\Unidade 3\Resolução Prova POO 1 -2017.pptx
		Material\Unidade 3\Revisão-Prova-1-POO.pptx = Material\Unidade 3\Revisão-Prova-1-POO.pptx
		Material\Unidade 3\Unidade 3 - Resumido.pptx = Material\Unidade 3\Unidade 3 - Resumido.pptx
		Material\Unidade 3\Unidade 3.pdf = Material\Unidade 3\Unidade 3.pdf
	EndProjectSection
EndProject
Project("{2150E333-8FDC-42A3-9474-1A3956D46DE8}") = "3.2 Exemplos", "3.2 Exemplos", "{2DDACEAE-66A8-40D7-88F9-5752ECEAEC05}"
EndProject
Project("{FAE04EC0-301F-11D3-BF4B-00C04F79EFBC}") = "FuncionarioApp", "Projetos\Unidade 3\Exemplos\FuncionarioApp\FuncionarioApp.csproj", "{2E858BB9-1E5E-42DA-A00B-845A035A562B}"
EndProject
Project("{2150E333-8FDC-42A3-9474-1A3956D46DE8}") = "4. Unidade 4", "4. Unidade 4", "{8F58FA84-2891-4233-B230-0F0D73102286}"
EndProject
Project("{2150E333-8FDC-42A3-9474-1A3956D46DE8}") = "4.1 Conteúdo", "4.1 Conteúdo", "{FEDD8E82-6D5A-429A-B76C-FCD89D3FA839}"
	ProjectSection(SolutionItems) = preProject
		Material\Unidade 4\Unidade 4 - Resumido.pptx = Material\Unidade 4\Unidade 4 - Resumido.pptx
		Material\Unidade 4\Unidade 4.pdf = Material\Unidade 4\Unidade 4.pdf
	EndProjectSection
EndProject
Project("{2150E333-8FDC-42A3-9474-1A3956D46DE8}") = "4.2 Exemplos", "4.2 Exemplos", "{29610330-7166-419F-8B73-5C77D24061EF}"
EndProject
Project("{FAE04EC0-301F-11D3-BF4B-00C04F79EFBC}") = "Unidade4.Exemplos", "Projetos\Unidade 4\Unidade4.Exemplos\Unidade4.Exemplos.csproj", "{BED31C8D-1461-434A-A1D3-63E772DD1FFF}"
EndProject
Project("{2150E333-8FDC-42A3-9474-1A3956D46DE8}") = "5. Unidade 5", "5. Unidade 5", "{C3561CAC-241C-4A89-A053-29C6CAB56F2E}"
EndProject
Project("{2150E333-8FDC-42A3-9474-1A3956D46DE8}") = "5.1 Conteúdo", "5.1 Conteúdo", "{89EFB1E0-6597-4265-9E2A-F7A86A981BE5}"
	ProjectSection(SolutionItems) = preProject
		Material\Unidade 5\Unidade 5 - Resumido.pdf = Material\Unidade 5\Unidade 5 - Resumido.pdf
		Material\Unidade 5\Unidade 5.pdf = Material\Unidade 5\Unidade 5.pdf
	EndProjectSection
EndProject
Project("{2150E333-8FDC-42A3-9474-1A3956D46DE8}") = "5.2 Exemplos", "5.2 Exemplos", "{A9E26F57-08CB-47DC-A831-183A34BEA6C0}"
EndProject
Project("{FAE04EC0-301F-11D3-BF4B-00C04F79EFBC}") = "Unidade5.Exemplo", "Projetos\Unidade 5\Unidade5.Exemplo\Unidade5.Exemplo.csproj", "{67FA1B9F-2161-4821-A321-B307C10885B8}"
EndProject
Project("{2150E333-8FDC-42A3-9474-1A3956D46DE8}") = "6. Unidade 6", "6. Unidade 6", "{E39D4816-8392-401A-B886-B544ED41AE4F}"
EndProject
Project("{2150E333-8FDC-42A3-9474-1A3956D46DE8}") = "6.1 Conteúdo", "6.1 Conteúdo", "{6DC815A3-2EB7-41CF-BC31-0DBE90D438A4}"
	ProjectSection(SolutionItems) = preProject
		Material\Unidade 6\Unidade 6 - Resumido.pptx = Material\Unidade 6\Unidade 6 - Resumido.pptx
		Material\Unidade 6\Unidade 6.pdf = Material\Unidade 6\Unidade 6.pdf
	EndProjectSection
EndProject
Project("{2150E333-8FDC-42A3-9474-1A3956D46DE8}") = "6.2 Exemplos", "6.2 Exemplos", "{3DDB78D0-312A-4C21-BCAF-10624F531518}"
EndProject
Project("{FAE04EC0-301F-11D3-BF4B-00C04F79EFBC}") = "Unidade6.Exemplo", "Projetos\Unidade 6\Unidade6.Exemplo\Unidade6.Exemplo.csproj", "{D6E38292-EAD3-4C44-A8A6-0F0CA6F0AC14}"
EndProject
Project("{2150E333-8FDC-42A3-9474-1A3956D46DE8}") = "7. Unidade 7", "7. Unidade 7", "{18FC91EA-2A8A-421E-AD37-E7A7CF6C6AE4}"
EndProject
Project("{2150E333-8FDC-42A3-9474-1A3956D46DE8}") = "7.1 Conteúdo", "7.1 Conteúdo", "{A64494FA-B978-4154-B03B-D4835D8590CF}"
	ProjectSection(SolutionItems) = preProject
		Material\Unidade 7\3 fase -Resolução Prova POO 2 -2017.pptx = Material\Unidade 7\3 fase -Resolução Prova POO 2 -2017.pptx
		Material\Unidade 7\Unidade 7 - Resumido.pptx = Material\Unidade 7\Unidade 7 - Resumido.pptx
		Material\Unidade 7\Unidade 7.pdf = Material\Unidade 7\Unidade 7.pdf
	EndProjectSection
EndProject
Project("{2150E333-8FDC-42A3-9474-1A3956D46DE8}") = "7.2 Exemplos", "7.2 Exemplos", "{DA4ACAFA-6A1C-4FF1-A0A7-4B64C422A029}"
EndProject
Project("{FAE04EC0-301F-11D3-BF4B-00C04F79EFBC}") = "Unidade7.Exemplo", "Projetos\Unidade 7\Unidade7.Exemplo\Unidade7.Exemplo.csproj", "{52F1D23E-FE0A-4117-9C8B-721E95EEADB9}"
EndProject
Project("{2150E333-8FDC-42A3-9474-1A3956D46DE8}") = "8. Unidade 8", "8. Unidade 8", "{6A8F7A62-398F-432E-8BD7-EC38DD1E92D0}"
EndProject
Project("{2150E333-8FDC-42A3-9474-1A3956D46DE8}") = "8.1 Conteúdo", "8.1 Conteúdo", "{40F8DEB3-A312-4D01-9B8E-E3A9A5C11036}"
	ProjectSection(SolutionItems) = preProject
		Material\Unidade 8\Exercicio Base - Collections e Windows Forms.pdf = Material\Unidade 8\Exercicio Base - Collections e Windows Forms.pdf
		Material\Unidade 8\Unidade 8 - Collections.pdf = Material\Unidade 8\Unidade 8 - Collections.pdf
		Material\Unidade 8\Unidade 8 - Generics1.pdf = Material\Unidade 8\Unidade 8 - Generics1.pdf
		Material\Unidade 8\Unidade 8 - Generics2.pdf = Material\Unidade 8\Unidade 8 - Generics2.pdf
	EndProjectSection
EndProject
Project("{2150E333-8FDC-42A3-9474-1A3956D46DE8}") = "8.2 Exemplos", "8.2 Exemplos", "{0C3C6BEA-14C1-4E0C-A783-1522A2BB6F09}"
EndProject
Project("{FAE04EC0-301F-11D3-BF4B-00C04F79EFBC}") = "ListaComprasWindowsApp", "Projetos\Unidade 8\ListaComprasWindowsApp\ListaComprasWindowsApp.csproj", "{C653F639-4886-42C9-8226-BA8F1EEE1E6F}"
EndProject
Global
	GlobalSection(SolutionConfigurationPlatforms) = preSolution
		Debug|Any CPU = Debug|Any CPU
		Release|Any CPU = Release|Any CPU
	EndGlobalSection
	GlobalSection(ProjectConfigurationPlatforms) = postSolution
		{4500016A-D1D1-498F-B07B-4DB43F8120E3}.Debug|Any CPU.ActiveCfg = Debug|Any CPU
		{4500016A-D1D1-498F-B07B-4DB43F8120E3}.Debug|Any CPU.Build.0 = Debug|Any CPU
		{4500016A-D1D1-498F-B07B-4DB43F8120E3}.Release|Any CPU.ActiveCfg = Release|Any CPU
		{4500016A-D1D1-498F-B07B-4DB43F8120E3}.Release|Any CPU.Build.0 = Release|Any CPU
		{F53CEB9F-CFB4-42F0-9117-9ABB96309EE7}.Debug|Any CPU.ActiveCfg = Debug|Any CPU
		{F53CEB9F-CFB4-42F0-9117-9ABB96309EE7}.Debug|Any CPU.Build.0 = Debug|Any CPU
		{F53CEB9F-CFB4-42F0-9117-9ABB96309EE7}.Release|Any CPU.ActiveCfg = Release|Any CPU
		{F53CEB9F-CFB4-42F0-9117-9ABB96309EE7}.Release|Any CPU.Build.0 = Release|Any CPU
		{9BD26E37-AB90-4EEA-8094-A00E96A5697F}.Debug|Any CPU.ActiveCfg = Debug|Any CPU
		{9BD26E37-AB90-4EEA-8094-A00E96A5697F}.Debug|Any CPU.Build.0 = Debug|Any CPU
		{9BD26E37-AB90-4EEA-8094-A00E96A5697F}.Release|Any CPU.ActiveCfg = Release|Any CPU
		{9BD26E37-AB90-4EEA-8094-A00E96A5697F}.Release|Any CPU.Build.0 = Release|Any CPU
		{2E858BB9-1E5E-42DA-A00B-845A035A562B}.Debug|Any CPU.ActiveCfg = Debug|Any CPU
		{2E858BB9-1E5E-42DA-A00B-845A035A562B}.Debug|Any CPU.Build.0 = Debug|Any CPU
		{2E858BB9-1E5E-42DA-A00B-845A035A562B}.Release|Any CPU.ActiveCfg = Release|Any CPU
		{2E858BB9-1E5E-42DA-A00B-845A035A562B}.Release|Any CPU.Build.0 = Release|Any CPU
		{BED31C8D-1461-434A-A1D3-63E772DD1FFF}.Debug|Any CPU.ActiveCfg = Debug|Any CPU
		{BED31C8D-1461-434A-A1D3-63E772DD1FFF}.Debug|Any CPU.Build.0 = Debug|Any CPU
		{BED31C8D-1461-434A-A1D3-63E772DD1FFF}.Release|Any CPU.ActiveCfg = Release|Any CPU
		{BED31C8D-1461-434A-A1D3-63E772DD1FFF}.Release|Any CPU.Build.0 = Release|Any CPU
		{67FA1B9F-2161-4821-A321-B307C10885B8}.Debug|Any CPU.ActiveCfg = Debug|Any CPU
		{67FA1B9F-2161-4821-A321-B307C10885B8}.Debug|Any CPU.Build.0 = Debug|Any CPU
		{67FA1B9F-2161-4821-A321-B307C10885B8}.Release|Any CPU.ActiveCfg = Release|Any CPU
		{67FA1B9F-2161-4821-A321-B307C10885B8}.Release|Any CPU.Build.0 = Release|Any CPU
		{D6E38292-EAD3-4C44-A8A6-0F0CA6F0AC14}.Debug|Any CPU.ActiveCfg = Debug|Any CPU
		{D6E38292-EAD3-4C44-A8A6-0F0CA6F0AC14}.Debug|Any CPU.Build.0 = Debug|Any CPU
		{D6E38292-EAD3-4C44-A8A6-0F0CA6F0AC14}.Release|Any CPU.ActiveCfg = Release|Any CPU
		{D6E38292-EAD3-4C44-A8A6-0F0CA6F0AC14}.Release|Any CPU.Build.0 = Release|Any CPU
		{52F1D23E-FE0A-4117-9C8B-721E95EEADB9}.Debug|Any CPU.ActiveCfg = Debug|Any CPU
		{52F1D23E-FE0A-4117-9C8B-721E95EEADB9}.Debug|Any CPU.Build.0 = Debug|Any CPU
		{52F1D23E-FE0A-4117-9C8B-721E95EEADB9}.Release|Any CPU.ActiveCfg = Release|Any CPU
		{52F1D23E-FE0A-4117-9C8B-721E95EEADB9}.Release|Any CPU.Build.0 = Release|Any CPU
		{C653F639-4886-42C9-8226-BA8F1EEE1E6F}.Debug|Any CPU.ActiveCfg = Debug|Any CPU
		{C653F639-4886-42C9-8226-BA8F1EEE1E6F}.Debug|Any CPU.Build.0 = Debug|Any CPU
		{C653F639-4886-42C9-8226-BA8F1EEE1E6F}.Release|Any CPU.ActiveCfg = Release|Any CPU
		{C653F639-4886-42C9-8226-BA8F1EEE1E6F}.Release|Any CPU.Build.0 = Release|Any CPU
	EndGlobalSection
	GlobalSection(SolutionProperties) = preSolution
		HideSolutionNode = FALSE
	EndGlobalSection
	GlobalSection(NestedProjects) = preSolution
		{74633DF8-B847-4631-9402-01239D179E65} = {B2043769-E987-4EC7-8B0A-EE4FECDA5720}
		{D9A83239-0B4E-4065-A3F2-125C32EBA609} = {B2043769-E987-4EC7-8B0A-EE4FECDA5720}
		{A3EC66F9-54AC-4C16-BD51-410E609BD157} = {B2043769-E987-4EC7-8B0A-EE4FECDA5720}
		{4500016A-D1D1-498F-B07B-4DB43F8120E3} = {A3EC66F9-54AC-4C16-BD51-410E609BD157}
		{B50B8700-E8CB-42D5-887E-F001E4323D9E} = {C88537A8-24C4-43CF-B83E-3E010C114346}
		{93BABC7C-2C9B-4211-B88A-CB0763DD5305} = {C88537A8-24C4-43CF-B83E-3E010C114346}
		{F53CEB9F-CFB4-42F0-9117-9ABB96309EE7} = {A3EC66F9-54AC-4C16-BD51-410E609BD157}
		{9BD26E37-AB90-4EEA-8094-A00E96A5697F} = {93BABC7C-2C9B-4211-B88A-CB0763DD5305}
		{8BB0241A-CC2C-42E6-9291-4A57E1A9EC21} = {2CA83116-2431-495C-BBD3-596293843B05}
		{2DDACEAE-66A8-40D7-88F9-5752ECEAEC05} = {2CA83116-2431-495C-BBD3-596293843B05}
		{2E858BB9-1E5E-42DA-A00B-845A035A562B} = {2DDACEAE-66A8-40D7-88F9-5752ECEAEC05}
		{FEDD8E82-6D5A-429A-B76C-FCD89D3FA839} = {8F58FA84-2891-4233-B230-0F0D73102286}
		{29610330-7166-419F-8B73-5C77D24061EF} = {8F58FA84-2891-4233-B230-0F0D73102286}
		{BED31C8D-1461-434A-A1D3-63E772DD1FFF} = {29610330-7166-419F-8B73-5C77D24061EF}
		{89EFB1E0-6597-4265-9E2A-F7A86A981BE5} = {C3561CAC-241C-4A89-A053-29C6CAB56F2E}
		{A9E26F57-08CB-47DC-A831-183A34BEA6C0} = {C3561CAC-241C-4A89-A053-29C6CAB56F2E}
		{67FA1B9F-2161-4821-A321-B307C10885B8} = {A9E26F57-08CB-47DC-A831-183A34BEA6C0}
		{6DC815A3-2EB7-41CF-BC31-0DBE90D438A4} = {E39D4816-8392-401A-B886-B544ED41AE4F}
		{3DDB78D0-312A-4C21-BCAF-10624F531518} = {E39D4816-8392-401A-B886-B544ED41AE4F}
		{D6E38292-EAD3-4C44-A8A6-0F0CA6F0AC14} = {3DDB78D0-312A-4C21-BCAF-10624F531518}
		{A64494FA-B978-4154-B03B-D4835D8590CF} = {18FC91EA-2A8A-421E-AD37-E7A7CF6C6AE4}
		{DA4ACAFA-6A1C-4FF1-A0A7-4B64C422A029} = {18FC91EA-2A8A-421E-AD37-E7A7CF6C6AE4}
		{52F1D23E-FE0A-4117-9C8B-721E95EEADB9} = {DA4ACAFA-6A1C-4FF1-A0A7-4B64C422A029}
		{40F8DEB3-A312-4D01-9B8E-E3A9A5C11036} = {6A8F7A62-398F-432E-8BD7-EC38DD1E92D0}
		{0C3C6BEA-14C1-4E0C-A783-1522A2BB6F09} = {6A8F7A62-398F-432E-8BD7-EC38DD1E92D0}
		{C653F639-4886-42C9-8226-BA8F1EEE1E6F} = {0C3C6BEA-14C1-4E0C-A783-1522A2BB6F09}
	EndGlobalSection
EndGlobal
